
Microsoft Visual Studio Solution File, Format Version 12.00
# Visual Studio 15
VisualStudioVersion = 15.0.28307.136
MinimumVisualStudioVersion = 10.0.40219.1
Project("{FAE04EC0-301F-11D3-BF4B-00C04F79EFBC}") = "BindableLayoutsApp.Android", "BindableLayoutsApp\BindableLayoutsApp.Android\BindableLayoutsApp.Android.csproj", "{4C7C4438-25B3-4A68-B0AD-A27B2A38076F}"
EndProject
Project("{FAE04EC0-301F-11D3-BF4B-00C04F79EFBC}") = "BindableLayoutsApp.iOS", "BindableLayoutsApp\BindableLayoutsApp.iOS\BindableLayoutsApp.iOS.csproj", "{9615F7A3-81E2-42D1-A06F-378B10760D1F}"
EndProject
Project("{FAE04EC0-301F-11D3-BF4B-00C04F79EFBC}") = "BindableLayoutsApp.UWP", "BindableLayoutsApp\BindableLayoutsApp.UWP\BindableLayoutsApp.UWP.csproj", "{9AFBE869-2CDA-4855-85FC-0AF3E45F64F3}"
EndProject
Project("{FAE04EC0-301F-11D3-BF4B-00C04F79EFBC}") = "BindableLayoutsApp", "BindableLayoutsApp\BindableLayoutsApp\BindableLayoutsApp.csproj", "{E164A168-8EF3-4615-A37E-AD26A99FDFDE}"
EndProject
Global
	GlobalSection(SolutionConfigurationPlatforms) = preSolution
		Ad-Hoc|Any CPU = Ad-Hoc|Any CPU
		Ad-Hoc|ARM = Ad-Hoc|ARM
		Ad-Hoc|iPhone = Ad-Hoc|iPhone
		Ad-Hoc|iPhoneSimulator = Ad-Hoc|iPhoneSimulator
		Ad-Hoc|x64 = Ad-Hoc|x64
		Ad-Hoc|x86 = Ad-Hoc|x86
		AppStore|Any CPU = AppStore|Any CPU
		AppStore|ARM = AppStore|ARM
		AppStore|iPhone = AppStore|iPhone
		AppStore|iPhoneSimulator = AppStore|iPhoneSimulator
		AppStore|x64 = AppStore|x64
		AppStore|x86 = AppStore|x86
		Debug|Any CPU = Debug|Any CPU
		Debug|ARM = Debug|ARM
		Debug|iPhone = Debug|iPhone
		Debug|iPhoneSimulator = Debug|iPhoneSimulator
		Debug|x64 = Debug|x64
		Debug|x86 = Debug|x86
		Release|Any CPU = Release|Any CPU
		Release|ARM = Release|ARM
		Release|iPhone = Release|iPhone
		Release|iPhoneSimulator = Release|iPhoneSimulator
		Release|x64 = Release|x64
		Release|x86 = Release|x86
	EndGlobalSection
	GlobalSection(ProjectConfigurationPlatforms) = postSolution
		{4C7C4438-25B3-4A68-B0AD-A27B2A38076F}.Ad-Hoc|Any CPU.ActiveCfg = Release|Any CPU
		{4C7C4438-25B3-4A68-B0AD-A27B2A38076F}.Ad-Hoc|Any CPU.Build.0 = Release|Any CPU
		{4C7C4438-25B3-4A68-B0AD-A27B2A38076F}.Ad-Hoc|Any CPU.Deploy.0 = Release|Any CPU
		{4C7C4438-25B3-4A68-B0AD-A27B2A38076F}.Ad-Hoc|ARM.ActiveCfg = Release|Any CPU
		{4C7C4438-25B3-4A68-B0AD-A27B2A38076F}.Ad-Hoc|ARM.Build.0 = Release|Any CPU
		{4C7C4438-25B3-4A68-B0AD-A27B2A38076F}.Ad-Hoc|ARM.Deploy.0 = Release|Any CPU
		{4C7C4438-25B3-4A68-B0AD-A27B2A38076F}.Ad-Hoc|iPhone.ActiveCfg = Release|Any CPU
		{4C7C4438-25B3-4A68-B0AD-A27B2A38076F}.Ad-Hoc|iPhone.Build.0 = Release|Any CPU
		{4C7C4438-25B3-4A68-B0AD-A27B2A38076F}.Ad-Hoc|iPhone.Deploy.0 = Release|Any CPU
		{4C7C4438-25B3-4A68-B0AD-A27B2A38076F}.Ad-Hoc|iPhoneSimulator.ActiveCfg = Release|Any CPU
		{4C7C4438-25B3-4A68-B0AD-A27B2A38076F}.Ad-Hoc|iPhoneSimulator.Build.0 = Release|Any CPU
		{4C7C4438-25B3-4A68-B0AD-A27B2A38076F}.Ad-Hoc|iPhoneSimulator.Deploy.0 = Release|Any CPU
		{4C7C4438-25B3-4A68-B0AD-A27B2A38076F}.Ad-Hoc|x64.ActiveCfg = Release|Any CPU
		{4C7C4438-25B3-4A68-B0AD-A27B2A38076F}.Ad-Hoc|x64.Build.0 = Release|Any CPU
		{4C7C4438-25B3-4A68-B0AD-A27B2A38076F}.Ad-Hoc|x64.Deploy.0 = Release|Any CPU
		{4C7C4438-25B3-4A68-B0AD-A27B2A38076F}.Ad-Hoc|x86.ActiveCfg = Release|Any CPU
		{4C7C4438-25B3-4A68-B0AD-A27B2A38076F}.Ad-Hoc|x86.Build.0 = Release|Any CPU
		{4C7C4438-25B3-4A68-B0AD-A27B2A38076F}.Ad-Hoc|x86.Deploy.0 = Release|Any CPU
		{4C7C4438-25B3-4A68-B0AD-A27B2A38076F}.AppStore|Any CPU.ActiveCfg = Release|Any CPU
		{4C7C4438-25B3-4A68-B0AD-A27B2A38076F}.AppStore|Any CPU.Build.0 = Release|Any CPU
		{4C7C4438-25B3-4A68-B0AD-A27B2A38076F}.AppStore|Any CPU.Deploy.0 = Release|Any CPU
		{4C7C4438-25B3-4A68-B0AD-A27B2A38076F}.AppStore|ARM.ActiveCfg = Release|Any CPU
		{4C7C4438-25B3-4A68-B0AD-A27B2A38076F}.AppStore|ARM.Build.0 = Release|Any CPU
		{4C7C4438-25B3-4A68-B0AD-A27B2A38076F}.AppStore|ARM.Deploy.0 = Release|Any CPU
		{4C7C4438-25B3-4A68-B0AD-A27B2A38076F}.AppStore|iPhone.ActiveCfg = Release|Any CPU
		{4C7C4438-25B3-4A68-B0AD-A27B2A38076F}.AppStore|iPhone.Build.0 = Release|Any CPU
		{4C7C4438-25B3-4A68-B0AD-A27B2A38076F}.AppStore|iPhone.Deploy.0 = Release|Any CPU
		{4C7C4438-25B3-4A68-B0AD-A27B2A38076F}.AppStore|iPhoneSimulator.ActiveCfg = Release|Any CPU
		{4C7C4438-25B3-4A68-B0AD-A27B2A38076F}.AppStore|iPhoneSimulator.Build.0 = Release|Any CPU
		{4C7C4438-25B3-4A68-B0AD-A27B2A38076F}.AppStore|iPhoneSimulator.Deploy.0 = Release|Any CPU
		{4C7C4438-25B3-4A68-B0AD-A27B2A38076F}.AppStore|x64.ActiveCfg = Release|Any CPU
		{4C7C4438-25B3-4A68-B0AD-A27B2A38076F}.AppStore|x64.Build.0 = Release|Any CPU
		{4C7C4438-25B3-4A68-B0AD-A27B2A38076F}.AppStore|x64.Deploy.0 = Release|Any CPU
		{4C7C4438-25B3-4A68-B0AD-A27B2A38076F}.AppStore|x86.ActiveCfg = Release|Any CPU
		{4C7C4438-25B3-4A68-B0AD-A27B2A38076F}.AppStore|x86.Build.0 = Release|Any CPU
		{4C7C4438-25B3-4A68-B0AD-A27B2A38076F}.AppStore|x86.Deploy.0 = Release|Any CPU
		{4C7C4438-25B3-4A68-B0AD-A27B2A38076F}.Debug|Any CPU.ActiveCfg = Debug|Any CPU
		{4C7C4438-25B3-4A68-B0AD-A27B2A38076F}.Debug|Any CPU.Build.0 = Debug|Any CPU
		{4C7C4438-25B3-4A68-B0AD-A27B2A38076F}.Debug|Any CPU.Deploy.0 = Debug|Any CPU
		{4C7C4438-25B3-4A68-B0AD-A27B2A38076F}.Debug|ARM.ActiveCfg = Debug|Any CPU
		{4C7C4438-25B3-4A68-B0AD-A27B2A38076F}.Debug|ARM.Build.0 = Debug|Any CPU
		{4C7C4438-25B3-4A68-B0AD-A27B2A38076F}.Debug|ARM.Deploy.0 = Debug|Any CPU
		{4C7C4438-25B3-4A68-B0AD-A27B2A38076F}.Debug|iPhone.ActiveCfg = Debug|Any CPU
		{4C7C4438-25B3-4A68-B0AD-A27B2A38076F}.Debug|iPhone.Build.0 = Debug|Any CPU
		{4C7C4438-25B3-4A68-B0AD-A27B2A38076F}.Debug|iPhone.Deploy.0 = Debug|Any CPU
		{4C7C4438-25B3-4A68-B0AD-A27B2A38076F}.Debug|iPhoneSimulator.ActiveCfg = Debug|Any CPU
		{4C7C4438-25B3-4A68-B0AD-A27B2A38076F}.Debug|iPhoneSimulator.Build.0 = Debug|Any CPU
		{4C7C4438-25B3-4A68-B0AD-A27B2A38076F}.Debug|iPhoneSimulator.Deploy.0 = Debug|Any CPU
		{4C7C4438-25B3-4A68-B0AD-A27B2A38076F}.Debug|x64.ActiveCfg = Debug|Any CPU
		{4C7C4438-25B3-4A68-B0AD-A27B2A38076F}.Debug|x64.Build.0 = Debug|Any CPU
		{4C7C4438-25B3-4A68-B0AD-A27B2A38076F}.Debug|x64.Deploy.0 = Debug|Any CPU
		{4C7C4438-25B3-4A68-B0AD-A27B2A38076F}.Debug|x86.ActiveCfg = Debug|Any CPU
		{4C7C4438-25B3-4A68-B0AD-A27B2A38076F}.Debug|x86.Build.0 = Debug|Any CPU
		{4C7C4438-25B3-4A68-B0AD-A27B2A38076F}.Debug|x86.Deploy.0 = Debug|Any CPU
		{4C7C4438-25B3-4A68-B0AD-A27B2A38076F}.Release|Any CPU.ActiveCfg = Release|Any CPU
		{4C7C4438-25B3-4A68-B0AD-A27B2A38076F}.Release|Any CPU.Build.0 = Release|Any CPU
		{4C7C4438-25B3-4A68-B0AD-A27B2A38076F}.Release|Any CPU.Deploy.0 = Release|Any CPU
		{4C7C4438-25B3-4A68-B0AD-A27B2A38076F}.Release|ARM.ActiveCfg = Release|Any CPU
		{4C7C4438-25B3-4A68-B0AD-A27B2A38076F}.Release|ARM.Build.0 = Release|Any CPU
		{4C7C4438-25B3-4A68-B0AD-A27B2A38076F}.Release|ARM.Deploy.0 = Release|Any CPU
		{4C7C4438-25B3-4A68-B0AD-A27B2A38076F}.Release|iPhone.ActiveCfg = Release|Any CPU
		{4C7C4438-25B3-4A68-B0AD-A27B2A38076F}.Release|iPhone.Build.0 = Release|Any CPU
		{4C7C4438-25B3-4A68-B0AD-A27B2A38076F}.Release|iPhone.Deploy.0 = Release|Any CPU
		{4C7C4438-25B3-4A68-B0AD-A27B2A38076F}.Release|iPhoneSimulator.ActiveCfg = Release|Any CPU
		{4C7C4438-25B3-4A68-B0AD-A27B2A38076F}.Release|iPhoneSimulator.Build.0 = Release|Any CPU
		{4C7C4438-25B3-4A68-B0AD-A27B2A38076F}.Release|iPhoneSimulator.Deploy.0 = Release|Any CPU
		{4C7C4438-25B3-4A68-B0AD-A27B2A38076F}.Release|x64.ActiveCfg = Release|Any CPU
		{4C7C4438-25B3-4A68-B0AD-A27B2A38076F}.Release|x64.Build.0 = Release|Any CPU
		{4C7C4438-25B3-4A68-B0AD-A27B2A38076F}.Release|x64.Deploy.0 = Release|Any CPU
		{4C7C4438-25B3-4A68-B0AD-A27B2A38076F}.Release|x86.ActiveCfg = Release|Any CPU
		{4C7C4438-25B3-4A68-B0AD-A27B2A38076F}.Release|x86.Build.0 = Release|Any CPU
		{4C7C4438-25B3-4A68-B0AD-A27B2A38076F}.Release|x86.Deploy.0 = Release|Any CPU
		{9615F7A3-81E2-42D1-A06F-378B10760D1F}.Ad-Hoc|Any CPU.ActiveCfg = Ad-Hoc|iPhone
		{9615F7A3-81E2-42D1-A06F-378B10760D1F}.Ad-Hoc|Any CPU.Build.0 = Ad-Hoc|iPhone
		{9615F7A3-81E2-42D1-A06F-378B10760D1F}.Ad-Hoc|Any CPU.Deploy.0 = Ad-Hoc|iPhone
		{9615F7A3-81E2-42D1-A06F-378B10760D1F}.Ad-Hoc|ARM.ActiveCfg = Ad-Hoc|iPhone
		{9615F7A3-81E2-42D1-A06F-378B10760D1F}.Ad-Hoc|ARM.Build.0 = Ad-Hoc|iPhone
		{9615F7A3-81E2-42D1-A06F-378B10760D1F}.Ad-Hoc|ARM.Deploy.0 = Ad-Hoc|iPhone
		{9615F7A3-81E2-42D1-A06F-378B10760D1F}.Ad-Hoc|iPhone.ActiveCfg = Ad-Hoc|iPhone
		{9615F7A3-81E2-42D1-A06F-378B10760D1F}.Ad-Hoc|iPhone.Build.0 = Ad-Hoc|iPhone
		{9615F7A3-81E2-42D1-A06F-378B10760D1F}.Ad-Hoc|iPhone.Deploy.0 = Ad-Hoc|iPhone
		{9615F7A3-81E2-42D1-A06F-378B10760D1F}.Ad-Hoc|iPhoneSimulator.ActiveCfg = Ad-Hoc|iPhoneSimulator
		{9615F7A3-81E2-42D1-A06F-378B10760D1F}.Ad-Hoc|iPhoneSimulator.Build.0 = Ad-Hoc|iPhoneSimulator
		{9615F7A3-81E2-42D1-A06F-378B10760D1F}.Ad-Hoc|iPhoneSimulator.Deploy.0 = Ad-Hoc|iPhoneSimulator
		{9615F7A3-81E2-42D1-A06F-378B10760D1F}.Ad-Hoc|x64.ActiveCfg = Ad-Hoc|iPhone
		{9615F7A3-81E2-42D1-A06F-378B10760D1F}.Ad-Hoc|x64.Build.0 = Ad-Hoc|iPhone
		{9615F7A3-81E2-42D1-A06F-378B10760D1F}.Ad-Hoc|x64.Deploy.0 = Ad-Hoc|iPhone
		{9615F7A3-81E2-42D1-A06F-378B10760D1F}.Ad-Hoc|x86.ActiveCfg = Ad-Hoc|iPhone
		{9615F7A3-81E2-42D1-A06F-378B10760D1F}.Ad-Hoc|x86.Build.0 = Ad-Hoc|iPhone
		{9615F7A3-81E2-42D1-A06F-378B10760D1F}.Ad-Hoc|x86.Deploy.0 = Ad-Hoc|iPhone
		{9615F7A3-81E2-42D1-A06F-378B10760D1F}.AppStore|Any CPU.ActiveCfg = AppStore|iPhone
		{9615F7A3-81E2-42D1-A06F-378B10760D1F}.AppStore|Any CPU.Build.0 = AppStore|iPhone
		{9615F7A3-81E2-42D1-A06F-378B10760D1F}.AppStore|Any CPU.Deploy.0 = AppStore|iPhone
		{9615F7A3-81E2-42D1-A06F-378B10760D1F}.AppStore|ARM.ActiveCfg = AppStore|iPhone
		{9615F7A3-81E2-42D1-A06F-378B10760D1F}.AppStore|ARM.Build.0 = AppStore|iPhone
		{9615F7A3-81E2-42D1-A06F-378B10760D1F}.AppStore|ARM.Deploy.0 = AppStore|iPhone
		{9615F7A3-81E2-42D1-A06F-378B10760D1F}.AppStore|iPhone.ActiveCfg = AppStore|iPhone
		{9615F7A3-81E2-42D1-A06F-378B10760D1F}.AppStore|iPhone.Build.0 = AppStore|iPhone
		{9615F7A3-81E2-42D1-A06F-378B10760D1F}.AppStore|iPhone.Deploy.0 = AppStore|iPhone
		{9615F7A3-81E2-42D1-A06F-378B10760D1F}.AppStore|iPhoneSimulator.ActiveCfg = AppStore|iPhoneSimulator
		{9615F7A3-81E2-42D1-A06F-378B10760D1F}.AppStore|iPhoneSimulator.Build.0 = AppStore|iPhoneSimulator
		{9615F7A3-81E2-42D1-A06F-378B10760D1F}.AppStore|iPhoneSimulator.Deploy.0 = AppStore|iPhoneSimulator
		{9615F7A3-81E2-42D1-A06F-378B10760D1F}.AppStore|x64.ActiveCfg = AppStore|iPhone
		{9615F7A3-81E2-42D1-A06F-378B10760D1F}.AppStore|x64.Build.0 = AppStore|iPhone
		{9615F7A3-81E2-42D1-A06F-378B10760D1F}.AppStore|x64.Deploy.0 = AppStore|iPhone
		{9615F7A3-81E2-42D1-A06F-378B10760D1F}.AppStore|x86.ActiveCfg = AppStore|iPhone
		{9615F7A3-81E2-42D1-A06F-378B10760D1F}.AppStore|x86.Build.0 = AppStore|iPhone
		{9615F7A3-81E2-42D1-A06F-378B10760D1F}.AppStore|x86.Deploy.0 = AppStore|iPhone
		{9615F7A3-81E2-42D1-A06F-378B10760D1F}.Debug|Any CPU.ActiveCfg = Debug|iPhoneSimulator
		{9615F7A3-81E2-42D1-A06F-378B10760D1F}.Debug|Any CPU.Build.0 = Debug|iPhoneSimulator
		{9615F7A3-81E2-42D1-A06F-378B10760D1F}.Debug|Any CPU.Deploy.0 = Debug|iPhoneSimulator
		{9615F7A3-81E2-42D1-A06F-378B10760D1F}.Debug|ARM.ActiveCfg = Debug|iPhone
		{9615F7A3-81E2-42D1-A06F-378B10760D1F}.Debug|ARM.Build.0 = Debug|iPhone
		{9615F7A3-81E2-42D1-A06F-378B10760D1F}.Debug|ARM.Deploy.0 = Debug|iPhone
		{9615F7A3-81E2-42D1-A06F-378B10760D1F}.Debug|iPhone.ActiveCfg = Debug|iPhone
		{9615F7A3-81E2-42D1-A06F-378B10760D1F}.Debug|iPhone.Build.0 = Debug|iPhone
		{9615F7A3-81E2-42D1-A06F-378B10760D1F}.Debug|iPhone.Deploy.0 = Debug|iPhone
		{9615F7A3-81E2-42D1-A06F-378B10760D1F}.Debug|iPhoneSimulator.ActiveCfg = Debug|iPhoneSimulator
		{9615F7A3-81E2-42D1-A06F-378B10760D1F}.Debug|iPhoneSimulator.Build.0 = Debug|iPhoneSimulator
		{9615F7A3-81E2-42D1-A06F-378B10760D1F}.Debug|iPhoneSimulator.Deploy.0 = Debug|iPhoneSimulator
		{9615F7A3-81E2-42D1-A06F-378B10760D1F}.Debug|x64.ActiveCfg = Debug|iPhone
		{9615F7A3-81E2-42D1-A06F-378B10760D1F}.Debug|x64.Build.0 = Debug|iPhone
		{9615F7A3-81E2-42D1-A06F-378B10760D1F}.Debug|x64.Deploy.0 = Debug|iPhone
		{9615F7A3-81E2-42D1-A06F-378B10760D1F}.Debug|x86.ActiveCfg = Debug|iPhone
		{9615F7A3-81E2-42D1-A06F-378B10760D1F}.Debug|x86.Build.0 = Debug|iPhone
		{9615F7A3-81E2-42D1-A06F-378B10760D1F}.Debug|x86.Deploy.0 = Debug|iPhone
		{9615F7A3-81E2-42D1-A06F-378B10760D1F}.Release|Any CPU.ActiveCfg = Release|iPhone
		{9615F7A3-81E2-42D1-A06F-378B10760D1F}.Release|Any CPU.Build.0 = Release|iPhone
		{9615F7A3-81E2-42D1-A06F-378B10760D1F}.Release|Any CPU.Deploy.0 = Release|iPhone
		{9615F7A3-81E2-42D1-A06F-378B10760D1F}.Release|ARM.ActiveCfg = Release|iPhone
		{9615F7A3-81E2-42D1-A06F-378B10760D1F}.Release|ARM.Build.0 = Release|iPhone
		{9615F7A3-81E2-42D1-A06F-378B10760D1F}.Release|ARM.Deploy.0 = Release|iPhone
		{9615F7A3-81E2-42D1-A06F-378B10760D1F}.Release|iPhone.ActiveCfg = Release|iPhone
		{9615F7A3-81E2-42D1-A06F-378B10760D1F}.Release|iPhone.Build.0 = Release|iPhone
		{9615F7A3-81E2-42D1-A06F-378B10760D1F}.Release|iPhone.Deploy.0 = Release|iPhone
		{9615F7A3-81E2-42D1-A06F-378B10760D1F}.Release|iPhoneSimulator.ActiveCfg = Release|iPhoneSimulator
		{9615F7A3-81E2-42D1-A06F-378B10760D1F}.Release|iPhoneSimulator.Build.0 = Release|iPhoneSimulator
		{9615F7A3-81E2-42D1-A06F-378B10760D1F}.Release|iPhoneSimulator.Deploy.0 = Release|iPhoneSimulator
		{9615F7A3-81E2-42D1-A06F-378B10760D1F}.Release|x64.ActiveCfg = Release|iPhone
		{9615F7A3-81E2-42D1-A06F-378B10760D1F}.Release|x64.Build.0 = Release|iPhone
		{9615F7A3-81E2-42D1-A06F-378B10760D1F}.Release|x64.Deploy.0 = Release|iPhone
		{9615F7A3-81E2-42D1-A06F-378B10760D1F}.Release|x86.ActiveCfg = Release|iPhone
		{9615F7A3-81E2-42D1-A06F-378B10760D1F}.Release|x86.Build.0 = Release|iPhone
		{9615F7A3-81E2-42D1-A06F-378B10760D1F}.Release|x86.Deploy.0 = Release|iPhone
		{9AFBE869-2CDA-4855-85FC-0AF3E45F64F3}.Ad-Hoc|Any CPU.ActiveCfg = Release|x86
		{9AFBE869-2CDA-4855-85FC-0AF3E45F64F3}.Ad-Hoc|Any CPU.Build.0 = Release|x86
		{9AFBE869-2CDA-4855-85FC-0AF3E45F64F3}.Ad-Hoc|Any CPU.Deploy.0 = Release|x86
		{9AFBE869-2CDA-4855-85FC-0AF3E45F64F3}.Ad-Hoc|ARM.ActiveCfg = Release|ARM
		{9AFBE869-2CDA-4855-85FC-0AF3E45F64F3}.Ad-Hoc|ARM.Build.0 = Release|ARM
		{9AFBE869-2CDA-4855-85FC-0AF3E45F64F3}.Ad-Hoc|ARM.Deploy.0 = Release|ARM
		{9AFBE869-2CDA-4855-85FC-0AF3E45F64F3}.Ad-Hoc|iPhone.ActiveCfg = Release|x86
		{9AFBE869-2CDA-4855-85FC-0AF3E45F64F3}.Ad-Hoc|iPhone.Build.0 = Release|x86
		{9AFBE869-2CDA-4855-85FC-0AF3E45F64F3}.Ad-Hoc|iPhone.Deploy.0 = Release|x86
		{9AFBE869-2CDA-4855-85FC-0AF3E45F64F3}.Ad-Hoc|iPhoneSimulator.ActiveCfg = Release|x86
		{9AFBE869-2CDA-4855-85FC-0AF3E45F64F3}.Ad-Hoc|iPhoneSimulator.Build.0 = Release|x86
		{9AFBE869-2CDA-4855-85FC-0AF3E45F64F3}.Ad-Hoc|iPhoneSimulator.Deploy.0 = Release|x86
		{9AFBE869-2CDA-4855-85FC-0AF3E45F64F3}.Ad-Hoc|x64.ActiveCfg = Release|x64
		{9AFBE869-2CDA-4855-85FC-0AF3E45F64F3}.Ad-Hoc|x64.Build.0 = Release|x64
		{9AFBE869-2CDA-4855-85FC-0AF3E45F64F3}.Ad-Hoc|x64.Deploy.0 = Release|x64
		{9AFBE869-2CDA-4855-85FC-0AF3E45F64F3}.Ad-Hoc|x86.ActiveCfg = Release|x86
		{9AFBE869-2CDA-4855-85FC-0AF3E45F64F3}.Ad-Hoc|x86.Build.0 = Release|x86
		{9AFBE869-2CDA-4855-85FC-0AF3E45F64F3}.Ad-Hoc|x86.Deploy.0 = Release|x86
		{9AFBE869-2CDA-4855-85FC-0AF3E45F64F3}.AppStore|Any CPU.ActiveCfg = Release|x86
		{9AFBE869-2CDA-4855-85FC-0AF3E45F64F3}.AppStore|Any CPU.Build.0 = Release|x86
		{9AFBE869-2CDA-4855-85FC-0AF3E45F64F3}.AppStore|Any CPU.Deploy.0 = Release|x86
		{9AFBE869-2CDA-4855-85FC-0AF3E45F64F3}.AppStore|ARM.ActiveCfg = Release|ARM
		{9AFBE869-2CDA-4855-85FC-0AF3E45F64F3}.AppStore|ARM.Build.0 = Release|ARM
		{9AFBE869-2CDA-4855-85FC-0AF3E45F64F3}.AppStore|ARM.Deploy.0 = Release|ARM
		{9AFBE869-2CDA-4855-85FC-0AF3E45F64F3}.AppStore|iPhone.ActiveCfg = Release|x86
		{9AFBE869-2CDA-4855-85FC-0AF3E45F64F3}.AppStore|iPhone.Build.0 = Release|x86
		{9AFBE869-2CDA-4855-85FC-0AF3E45F64F3}.AppStore|iPhone.Deploy.0 = Release|x86
		{9AFBE869-2CDA-4855-85FC-0AF3E45F64F3}.AppStore|iPhoneSimulator.ActiveCfg = Release|x86
		{9AFBE869-2CDA-4855-85FC-0AF3E45F64F3}.AppStore|iPhoneSimulator.Build.0 = Release|x86
		{9AFBE869-2CDA-4855-85FC-0AF3E45F64F3}.AppStore|iPhoneSimulator.Deploy.0 = Release|x86
		{9AFBE869-2CDA-4855-85FC-0AF3E45F64F3}.AppStore|x64.ActiveCfg = Release|x64
		{9AFBE869-2CDA-4855-85FC-0AF3E45F64F3}.AppStore|x64.Build.0 = Release|x64
		{9AFBE869-2CDA-4855-85FC-0AF3E45F64F3}.AppStore|x64.Deploy.0 = Release|x64
		{9AFBE869-2CDA-4855-85FC-0AF3E45F64F3}.AppStore|x86.ActiveCfg = Release|x86
		{9AFBE869-2CDA-4855-85FC-0AF3E45F64F3}.AppStore|x86.Build.0 = Release|x86
		{9AFBE869-2CDA-4855-85FC-0AF3E45F64F3}.AppStore|x86.Deploy.0 = Release|x86
		{9AFBE869-2CDA-4855-85FC-0AF3E45F64F3}.Debug|Any CPU.ActiveCfg = Debug|x86
		{9AFBE869-2CDA-4855-85FC-0AF3E45F64F3}.Debug|Any CPU.Build.0 = Debug|x86
		{9AFBE869-2CDA-4855-85FC-0AF3E45F64F3}.Debug|Any CPU.Deploy.0 = Debug|x86
		{9AFBE869-2CDA-4855-85FC-0AF3E45F64F3}.Debug|ARM.ActiveCfg = Debug|ARM
		{9AFBE869-2CDA-4855-85FC-0AF3E45F64F3}.Debug|ARM.Build.0 = Debug|ARM
		{9AFBE869-2CDA-4855-85FC-0AF3E45F64F3}.Debug|ARM.Deploy.0 = Debug|ARM
		{9AFBE869-2CDA-4855-85FC-0AF3E45F64F3}.Debug|iPhone.ActiveCfg = Debug|x86
		{9AFBE869-2CDA-4855-85FC-0AF3E45F64F3}.Debug|iPhone.Build.0 = Debug|x86
		{9AFBE869-2CDA-4855-85FC-0AF3E45F64F3}.Debug|iPhone.Deploy.0 = Debug|x86
		{9AFBE869-2CDA-4855-85FC-0AF3E45F64F3}.Debug|iPhoneSimulator.ActiveCfg = Debug|x86
		{9AFBE869-2CDA-4855-85FC-0AF3E45F64F3}.Debug|iPhoneSimulator.Build.0 = Debug|x86
		{9AFBE869-2CDA-4855-85FC-0AF3E45F64F3}.Debug|iPhoneSimulator.Deploy.0 = Debug|x86
		{9AFBE869-2CDA-4855-85FC-0AF3E45F64F3}.Debug|x64.ActiveCfg = Debug|x64
		{9AFBE869-2CDA-4855-85FC-0AF3E45F64F3}.Debug|x64.Build.0 = Debug|x64
		{9AFBE869-2CDA-4855-85FC-0AF3E45F64F3}.Debug|x64.Deploy.0 = Debug|x64
		{9AFBE869-2CDA-4855-85FC-0AF3E45F64F3}.Debug|x86.ActiveCfg = Debug|x86
		{9AFBE869-2CDA-4855-85FC-0AF3E45F64F3}.Debug|x86.Build.0 = Debug|x86
		{9AFBE869-2CDA-4855-85FC-0AF3E45F64F3}.Debug|x86.Deploy.0 = Debug|x86
		{9AFBE869-2CDA-4855-85FC-0AF3E45F64F3}.Release|Any CPU.ActiveCfg = Release|x86
		{9AFBE869-2CDA-4855-85FC-0AF3E45F64F3}.Release|Any CPU.Build.0 = Release|x86
		{9AFBE869-2CDA-4855-85FC-0AF3E45F64F3}.Release|Any CPU.Deploy.0 = Release|x86
		{9AFBE869-2CDA-4855-85FC-0AF3E45F64F3}.Release|ARM.ActiveCfg = Release|ARM
		{9AFBE869-2CDA-4855-85FC-0AF3E45F64F3}.Release|ARM.Build.0 = Release|ARM
		{9AFBE869-2CDA-4855-85FC-0AF3E45F64F3}.Release|ARM.Deploy.0 = Release|ARM
		{9AFBE869-2CDA-4855-85FC-0AF3E45F64F3}.Release|iPhone.ActiveCfg = Release|x86
		{9AFBE869-2CDA-4855-85FC-0AF3E45F64F3}.Release|iPhone.Build.0 = Release|x86
		{9AFBE869-2CDA-4855-85FC-0AF3E45F64F3}.Release|iPhone.Deploy.0 = Release|x86
		{9AFBE869-2CDA-4855-85FC-0AF3E45F64F3}.Release|iPhoneSimulator.ActiveCfg = Release|x86
		{9AFBE869-2CDA-4855-85FC-0AF3E45F64F3}.Release|iPhoneSimulator.Build.0 = Release|x86
		{9AFBE869-2CDA-4855-85FC-0AF3E45F64F3}.Release|iPhoneSimulator.Deploy.0 = Release|x86
		{9AFBE869-2CDA-4855-85FC-0AF3E45F64F3}.Release|x64.ActiveCfg = Release|x64
		{9AFBE869-2CDA-4855-85FC-0AF3E45F64F3}.Release|x64.Build.0 = Release|x64
		{9AFBE869-2CDA-4855-85FC-0AF3E45F64F3}.Release|x64.Deploy.0 = Release|x64
		{9AFBE869-2CDA-4855-85FC-0AF3E45F64F3}.Release|x86.ActiveCfg = Release|x86
		{9AFBE869-2CDA-4855-85FC-0AF3E45F64F3}.Release|x86.Build.0 = Release|x86
		{9AFBE869-2CDA-4855-85FC-0AF3E45F64F3}.Release|x86.Deploy.0 = Release|x86
		{E164A168-8EF3-4615-A37E-AD26A99FDFDE}.Ad-Hoc|Any CPU.ActiveCfg = Debug|Any CPU
		{E164A168-8EF3-4615-A37E-AD26A99FDFDE}.Ad-Hoc|Any CPU.Build.0 = Debug|Any CPU
		{E164A168-8EF3-4615-A37E-AD26A99FDFDE}.Ad-Hoc|Any CPU.Deploy.0 = Debug|Any CPU
		{E164A168-8EF3-4615-A37E-AD26A99FDFDE}.Ad-Hoc|ARM.ActiveCfg = Debug|Any CPU
		{E164A168-8EF3-4615-A37E-AD26A99FDFDE}.Ad-Hoc|ARM.Build.0 = Debug|Any CPU
		{E164A168-8EF3-4615-A37E-AD26A99FDFDE}.Ad-Hoc|ARM.Deploy.0 = Debug|Any CPU
		{E164A168-8EF3-4615-A37E-AD26A99FDFDE}.Ad-Hoc|iPhone.ActiveCfg = Debug|Any CPU
		{E164A168-8EF3-4615-A37E-AD26A99FDFDE}.Ad-Hoc|iPhone.Build.0 = Debug|Any CPU
		{E164A168-8EF3-4615-A37E-AD26A99FDFDE}.Ad-Hoc|iPhone.Deploy.0 = Debug|Any CPU
		{E164A168-8EF3-4615-A37E-AD26A99FDFDE}.Ad-Hoc|iPhoneSimulator.ActiveCfg = Debug|Any CPU
		{E164A168-8EF3-4615-A37E-AD26A99FDFDE}.Ad-Hoc|iPhoneSimulator.Build.0 = Debug|Any CPU
		{E164A168-8EF3-4615-A37E-AD26A99FDFDE}.Ad-Hoc|iPhoneSimulator.Deploy.0 = Debug|Any CPU
		{E164A168-8EF3-4615-A37E-AD26A99FDFDE}.Ad-Hoc|x64.ActiveCfg = Debug|Any CPU
		{E164A168-8EF3-4615-A37E-AD26A99FDFDE}.Ad-Hoc|x64.Build.0 = Debug|Any CPU
		{E164A168-8EF3-4615-A37E-AD26A99FDFDE}.Ad-Hoc|x64.Deploy.0 = Debug|Any CPU
		{E164A168-8EF3-4615-A37E-AD26A99FDFDE}.Ad-Hoc|x86.ActiveCfg = Debug|Any CPU
		{E164A168-8EF3-4615-A37E-AD26A99FDFDE}.Ad-Hoc|x86.Build.0 = Debug|Any CPU
		{E164A168-8EF3-4615-A37E-AD26A99FDFDE}.Ad-Hoc|x86.Deploy.0 = Debug|Any CPU
		{E164A168-8EF3-4615-A37E-AD26A99FDFDE}.AppStore|Any CPU.ActiveCfg = Debug|Any CPU
		{E164A168-8EF3-4615-A37E-AD26A99FDFDE}.AppStore|Any CPU.Build.0 = Debug|Any CPU
		{E164A168-8EF3-4615-A37E-AD26A99FDFDE}.AppStore|Any CPU.Deploy.0 = Debug|Any CPU
		{E164A168-8EF3-4615-A37E-AD26A99FDFDE}.AppStore|ARM.ActiveCfg = Debug|Any CPU
		{E164A168-8EF3-4615-A37E-AD26A99FDFDE}.AppStore|ARM.Build.0 = Debug|Any CPU
		{E164A168-8EF3-4615-A37E-AD26A99FDFDE}.AppStore|ARM.Deploy.0 = Debug|Any CPU
		{E164A168-8EF3-4615-A37E-AD26A99FDFDE}.AppStore|iPhone.ActiveCfg = Debug|Any CPU
		{E164A168-8EF3-4615-A37E-AD26A99FDFDE}.AppStore|iPhone.Build.0 = Debug|Any CPU
		{E164A168-8EF3-4615-A37E-AD26A99FDFDE}.AppStore|iPhone.Deploy.0 = Debug|Any CPU
		{E164A168-8EF3-4615-A37E-AD26A99FDFDE}.AppStore|iPhoneSimulator.ActiveCfg = Debug|Any CPU
		{E164A168-8EF3-4615-A37E-AD26A99FDFDE}.AppStore|iPhoneSimulator.Build.0 = Debug|Any CPU
		{E164A168-8EF3-4615-A37E-AD26A99FDFDE}.AppStore|iPhoneSimulator.Deploy.0 = Debug|Any CPU
		{E164A168-8EF3-4615-A37E-AD26A99FDFDE}.AppStore|x64.ActiveCfg = Debug|Any CPU
		{E164A168-8EF3-4615-A37E-AD26A99FDFDE}.AppStore|x64.Build.0 = Debug|Any CPU
		{E164A168-8EF3-4615-A37E-AD26A99FDFDE}.AppStore|x64.Deploy.0 = Debug|Any CPU
		{E164A168-8EF3-4615-A37E-AD26A99FDFDE}.AppStore|x86.ActiveCfg = Debug|Any CPU
		{E164A168-8EF3-4615-A37E-AD26A99FDFDE}.AppStore|x86.Build.0 = Debug|Any CPU
		{E164A168-8EF3-4615-A37E-AD26A99FDFDE}.AppStore|x86.Deploy.0 = Debug|Any CPU
		{E164A168-8EF3-4615-A37E-AD26A99FDFDE}.Debug|Any CPU.ActiveCfg = Debug|Any CPU
		{E164A168-8EF3-4615-A37E-AD26A99FDFDE}.Debug|Any CPU.Build.0 = Debug|Any CPU
		{E164A168-8EF3-4615-A37E-AD26A99FDFDE}.Debug|Any CPU.Deploy.0 = Debug|Any CPU
		{E164A168-8EF3-4615-A37E-AD26A99FDFDE}.Debug|ARM.ActiveCfg = Debug|Any CPU
		{E164A168-8EF3-4615-A37E-AD26A99FDFDE}.Debug|ARM.Build.0 = Debug|Any CPU
		{E164A168-8EF3-4615-A37E-AD26A99FDFDE}.Debug|ARM.Deploy.0 = Debug|Any CPU
		{E164A168-8EF3-4615-A37E-AD26A99FDFDE}.Debug|iPhone.ActiveCfg = Debug|Any CPU
		{E164A168-8EF3-4615-A37E-AD26A99FDFDE}.Debug|iPhone.Build.0 = Debug|Any CPU
		{E164A168-8EF3-4615-A37E-AD26A99FDFDE}.Debug|iPhone.Deploy.0 = Debug|Any CPU
		{E164A168-8EF3-4615-A37E-AD26A99FDFDE}.Debug|iPhoneSimulator.ActiveCfg = Debug|Any CPU
		{E164A168-8EF3-4615-A37E-AD26A99FDFDE}.Debug|iPhoneSimulator.Build.0 = Debug|Any CPU
		{E164A168-8EF3-4615-A37E-AD26A99FDFDE}.Debug|iPhoneSimulator.Deploy.0 = Debug|Any CPU
		{E164A168-8EF3-4615-A37E-AD26A99FDFDE}.Debug|x64.ActiveCfg = Debug|Any CPU
		{E164A168-8EF3-4615-A37E-AD26A99FDFDE}.Debug|x64.Build.0 = Debug|Any CPU
		{E164A168-8EF3-4615-A37E-AD26A99FDFDE}.Debug|x64.Deploy.0 = Debug|Any CPU
		{E164A168-8EF3-4615-A37E-AD26A99FDFDE}.Debug|x86.ActiveCfg = Debug|Any CPU
		{E164A168-8EF3-4615-A37E-AD26A99FDFDE}.Debug|x86.Build.0 = Debug|Any CPU
		{E164A168-8EF3-4615-A37E-AD26A99FDFDE}.Debug|x86.Deploy.0 = Debug|Any CPU
		{E164A168-8EF3-4615-A37E-AD26A99FDFDE}.Release|Any CPU.ActiveCfg = Release|Any CPU
		{E164A168-8EF3-4615-A37E-AD26A99FDFDE}.Release|Any CPU.Build.0 = Release|Any CPU
		{E164A168-8EF3-4615-A37E-AD26A99FDFDE}.Release|Any CPU.Deploy.0 = Release|Any CPU
		{E164A168-8EF3-4615-A37E-AD26A99FDFDE}.Release|ARM.ActiveCfg = Release|Any CPU
		{E164A168-8EF3-4615-A37E-AD26A99FDFDE}.Release|ARM.Build.0 = Release|Any CPU
		{E164A168-8EF3-4615-A37E-AD26A99FDFDE}.Release|ARM.Deploy.0 = Release|Any CPU
		{E164A168-8EF3-4615-A37E-AD26A99FDFDE}.Release|iPhone.ActiveCfg = Release|Any CPU
		{E164A168-8EF3-4615-A37E-AD26A99FDFDE}.Release|iPhone.Build.0 = Release|Any CPU
		{E164A168-8EF3-4615-A37E-AD26A99FDFDE}.Release|iPhone.Deploy.0 = Release|Any CPU
		{E164A168-8EF3-4615-A37E-AD26A99FDFDE}.Release|iPhoneSimulator.ActiveCfg = Release|Any CPU
		{E164A168-8EF3-4615-A37E-AD26A99FDFDE}.Release|iPhoneSimulator.Build.0 = Release|Any CPU
		{E164A168-8EF3-4615-A37E-AD26A99FDFDE}.Release|iPhoneSimulator.Deploy.0 = Release|Any CPU
		{E164A168-8EF3-4615-A37E-AD26A99FDFDE}.Release|x64.ActiveCfg = Release|Any CPU
		{E164A168-8EF3-4615-A37E-AD26A99FDFDE}.Release|x64.Build.0 = Release|Any CPU
		{E164A168-8EF3-4615-A37E-AD26A99FDFDE}.Release|x64.Deploy.0 = Release|Any CPU
		{E164A168-8EF3-4615-A37E-AD26A99FDFDE}.Release|x86.ActiveCfg = Release|Any CPU
		{E164A168-8EF3-4615-A37E-AD26A99FDFDE}.Release|x86.Build.0 = Release|Any CPU
		{E164A168-8EF3-4615-A37E-AD26A99FDFDE}.Release|x86.Deploy.0 = Release|Any CPU
	EndGlobalSection
	GlobalSection(SolutionProperties) = preSolution
		HideSolutionNode = FALSE
	EndGlobalSection
	GlobalSection(ExtensibilityGlobals) = postSolution
		SolutionGuid = {EE297774-8A15-4E28-BAB0-A0E5B06EAD5C}
	EndGlobalSection
EndGlobal
